
Microsoft Visual Studio Solution File, Format Version 12.00
# Visual Studio 2012
Project("{FAE04EC0-301F-11D3-BF4B-00C04F79EFBC}") = "CarRental", "CarRental\CarRental.csproj", "{C2317810-EB83-4B98-BBCE-A0F32C81A248}"
EndProject
Project("{FAE04EC0-301F-11D3-BF4B-00C04F79EFBC}") = "CarRentalContext", "CarRentalContext\CarRentalContext.csproj", "{861B9154-57D5-4628-A9CD-97E2A9B6E03F}"
EndProject
Project("{FAE04EC0-301F-11D3-BF4B-00C04F79EFBC}") = "Program", "Program\Program.csproj", "{333FFF75-03B3-4A43-A480-80F553D1CB0E}"
EndProject
Project("{FAE04EC0-301F-11D3-BF4B-00C04F79EFBC}") = "CarRentalWeb", "CarRentalWeb\CarRentalWeb.csproj", "{E730FD3F-AFD5-4CED-9CCF-834408BAFA47}"
EndProject
Global
	GlobalSection(SolutionConfigurationPlatforms) = preSolution
		Debug|Any CPU = Debug|Any CPU
		Release|Any CPU = Release|Any CPU
	EndGlobalSection
	GlobalSection(ProjectConfigurationPlatforms) = postSolution
		{C2317810-EB83-4B98-BBCE-A0F32C81A248}.Debug|Any CPU.ActiveCfg = Debug|Any CPU
		{C2317810-EB83-4B98-BBCE-A0F32C81A248}.Debug|Any CPU.Build.0 = Debug|Any CPU
		{C2317810-EB83-4B98-BBCE-A0F32C81A248}.Release|Any CPU.ActiveCfg = Release|Any CPU
		{C2317810-EB83-4B98-BBCE-A0F32C81A248}.Release|Any CPU.Build.0 = Release|Any CPU
		{861B9154-57D5-4628-A9CD-97E2A9B6E03F}.Debug|Any CPU.ActiveCfg = Debug|Any CPU
		{861B9154-57D5-4628-A9CD-97E2A9B6E03F}.Debug|Any CPU.Build.0 = Debug|Any CPU
		{861B9154-57D5-4628-A9CD-97E2A9B6E03F}.Release|Any CPU.ActiveCfg = Release|Any CPU
		{861B9154-57D5-4628-A9CD-97E2A9B6E03F}.Release|Any CPU.Build.0 = Release|Any CPU
		{333FFF75-03B3-4A43-A480-80F553D1CB0E}.Debug|Any CPU.ActiveCfg = Debug|Any CPU
		{333FFF75-03B3-4A43-A480-80F553D1CB0E}.Debug|Any CPU.Build.0 = Debug|Any CPU
		{333FFF75-03B3-4A43-A480-80F553D1CB0E}.Release|Any CPU.ActiveCfg = Release|Any CPU
		{333FFF75-03B3-4A43-A480-80F553D1CB0E}.Release|Any CPU.Build.0 = Release|Any CPU
		{E730FD3F-AFD5-4CED-9CCF-834408BAFA47}.Debug|Any CPU.ActiveCfg = Debug|Any CPU
		{E730FD3F-AFD5-4CED-9CCF-834408BAFA47}.Debug|Any CPU.Build.0 = Debug|Any CPU
		{E730FD3F-AFD5-4CED-9CCF-834408BAFA47}.Release|Any CPU.ActiveCfg = Release|Any CPU
		{E730FD3F-AFD5-4CED-9CCF-834408BAFA47}.Release|Any CPU.Build.0 = Release|Any CPU
		{3BEEF8D4-853D-408A-97B9-5BA47D7D3FB6}.Debug|Any CPU.ActiveCfg = Debug|Any CPU
		{3BEEF8D4-853D-408A-97B9-5BA47D7D3FB6}.Debug|Any CPU.Build.0 = Debug|Any CPU
		{3BEEF8D4-853D-408A-97B9-5BA47D7D3FB6}.Release|Any CPU.ActiveCfg = Release|Any CPU
		{3BEEF8D4-853D-408A-97B9-5BA47D7D3FB6}.Release|Any CPU.Build.0 = Release|Any CPU
	EndGlobalSection
	GlobalSection(SolutionProperties) = preSolution
		HideSolutionNode = FALSE
	EndGlobalSection
EndGlobal
